
Microsoft Visual Studio Solution File, Format Version 12.00
# Visual Studio Version 16
VisualStudioVersion = 16.0.29201.188
MinimumVisualStudioVersion = 10.0.40219.1
Project("{FAE04EC0-301F-11D3-BF4B-00C04F79EFBC}") = "ADPlayer", "ADPlayer\ADPlayer.csproj", "{2AEA417A-E91D-493D-8996-85AC6E06D960}"
EndProject
Project("{2150E333-8FDC-42A3-9474-1A3956D46DE8}") = "Modules", "Modules", "{75E22470-6D0A-4DAB-A89D-4D4D3D15FF5F}"
EndProject
Project("{2150E333-8FDC-42A3-9474-1A3956D46DE8}") = "Common", "Common", "{982E8F88-43E1-4A73-A1DC-D317D6F18F21}"
EndProject
Project("{2150E333-8FDC-42A3-9474-1A3956D46DE8}") = "Models", "Models", "{26296AD2-F3C3-4B78-8C0D-CAE1457801E9}"
EndProject
Project("{2150E333-8FDC-42A3-9474-1A3956D46DE8}") = "Services", "Services", "{7A4A0CE9-27B8-4713-88B9-CF70CB1086D3}"
EndProject
Project("{FAE04EC0-301F-11D3-BF4B-00C04F79EFBC}") = "ADPlayer.Services", "ADPlayer.Services\ADPlayer.Services.csproj", "{9A648B6A-57B6-4C5F-A133-21022DD8F7FE}"
EndProject
Project("{FAE04EC0-301F-11D3-BF4B-00C04F79EFBC}") = "ADPlayer.Services.Abstractions", "ADPlayer.Services.Abstractions\ADPlayer.Services.Abstractions.csproj", "{6A4FF474-4ACF-47B2-9E8A-BA8E3235DF1A}"
EndProject
Project("{FAE04EC0-301F-11D3-BF4B-00C04F79EFBC}") = "ADPlayer.Models", "ADPlayer.Models\ADPlayer.Models.csproj", "{CA80518E-45AB-46CB-8B47-14EFC10C2F2B}"
EndProject
Project("{FAE04EC0-301F-11D3-BF4B-00C04F79EFBC}") = "ADPlayer.Common.Navigation", "ADPlayer.Common.Navigation\ADPlayer.Common.Navigation.csproj", "{6F94FF12-F1F0-41E8-95D9-D2BEC4E4CACC}"
EndProject
Project("{FAE04EC0-301F-11D3-BF4B-00C04F79EFBC}") = "ADPlayer.Common.UI", "ADPlayer.Common.UI\ADPlayer.Common.UI.csproj", "{CD2385FD-9872-4D2B-A0BB-CB0B93F2EDA9}"
EndProject
Project("{FAE04EC0-301F-11D3-BF4B-00C04F79EFBC}") = "ADPlayer.Common.Events", "ADPlayer.Common.Events\ADPlayer.Common.Events.csproj", "{5326F24D-3923-4116-9DB3-649EB7E3814C}"
EndProject
Global
	GlobalSection(SolutionConfigurationPlatforms) = preSolution
		Debug|Any CPU = Debug|Any CPU
		Release|Any CPU = Release|Any CPU
	EndGlobalSection
	GlobalSection(ProjectConfigurationPlatforms) = postSolution
		{2AEA417A-E91D-493D-8996-85AC6E06D960}.Debug|Any CPU.ActiveCfg = Debug|Any CPU
		{2AEA417A-E91D-493D-8996-85AC6E06D960}.Debug|Any CPU.Build.0 = Debug|Any CPU
		{2AEA417A-E91D-493D-8996-85AC6E06D960}.Release|Any CPU.ActiveCfg = Release|Any CPU
		{2AEA417A-E91D-493D-8996-85AC6E06D960}.Release|Any CPU.Build.0 = Release|Any CPU
		{9A648B6A-57B6-4C5F-A133-21022DD8F7FE}.Debug|Any CPU.ActiveCfg = Debug|Any CPU
		{9A648B6A-57B6-4C5F-A133-21022DD8F7FE}.Debug|Any CPU.Build.0 = Debug|Any CPU
		{9A648B6A-57B6-4C5F-A133-21022DD8F7FE}.Release|Any CPU.ActiveCfg = Release|Any CPU
		{9A648B6A-57B6-4C5F-A133-21022DD8F7FE}.Release|Any CPU.Build.0 = Release|Any CPU
		{6A4FF474-4ACF-47B2-9E8A-BA8E3235DF1A}.Debug|Any CPU.ActiveCfg = Debug|Any CPU
		{6A4FF474-4ACF-47B2-9E8A-BA8E3235DF1A}.Debug|Any CPU.Build.0 = Debug|Any CPU
		{6A4FF474-4ACF-47B2-9E8A-BA8E3235DF1A}.Release|Any CPU.ActiveCfg = Release|Any CPU
		{6A4FF474-4ACF-47B2-9E8A-BA8E3235DF1A}.Release|Any CPU.Build.0 = Release|Any CPU
		{CA80518E-45AB-46CB-8B47-14EFC10C2F2B}.Debug|Any CPU.ActiveCfg = Debug|Any CPU
		{CA80518E-45AB-46CB-8B47-14EFC10C2F2B}.Debug|Any CPU.Build.0 = Debug|Any CPU
		{CA80518E-45AB-46CB-8B47-14EFC10C2F2B}.Release|Any CPU.ActiveCfg = Release|Any CPU
		{CA80518E-45AB-46CB-8B47-14EFC10C2F2B}.Release|Any CPU.Build.0 = Release|Any CPU
		{6F94FF12-F1F0-41E8-95D9-D2BEC4E4CACC}.Debug|Any CPU.ActiveCfg = Debug|Any CPU
		{6F94FF12-F1F0-41E8-95D9-D2BEC4E4CACC}.Debug|Any CPU.Build.0 = Debug|Any CPU
		{6F94FF12-F1F0-41E8-95D9-D2BEC4E4CACC}.Release|Any CPU.ActiveCfg = Release|Any CPU
		{6F94FF12-F1F0-41E8-95D9-D2BEC4E4CACC}.Release|Any CPU.Build.0 = Release|Any CPU
		{CD2385FD-9872-4D2B-A0BB-CB0B93F2EDA9}.Debug|Any CPU.ActiveCfg = Debug|Any CPU
		{CD2385FD-9872-4D2B-A0BB-CB0B93F2EDA9}.Debug|Any CPU.Build.0 = Debug|Any CPU
		{CD2385FD-9872-4D2B-A0BB-CB0B93F2EDA9}.Release|Any CPU.ActiveCfg = Release|Any CPU
		{CD2385FD-9872-4D2B-A0BB-CB0B93F2EDA9}.Release|Any CPU.Build.0 = Release|Any CPU
		{5326F24D-3923-4116-9DB3-649EB7E3814C}.Debug|Any CPU.ActiveCfg = Debug|Any CPU
		{5326F24D-3923-4116-9DB3-649EB7E3814C}.Debug|Any CPU.Build.0 = Debug|Any CPU
		{5326F24D-3923-4116-9DB3-649EB7E3814C}.Release|Any CPU.ActiveCfg = Release|Any CPU
		{5326F24D-3923-4116-9DB3-649EB7E3814C}.Release|Any CPU.Build.0 = Release|Any CPU
	EndGlobalSection
	GlobalSection(SolutionProperties) = preSolution
		HideSolutionNode = FALSE
	EndGlobalSection
	GlobalSection(NestedProjects) = preSolution
		{9A648B6A-57B6-4C5F-A133-21022DD8F7FE} = {7A4A0CE9-27B8-4713-88B9-CF70CB1086D3}
		{6A4FF474-4ACF-47B2-9E8A-BA8E3235DF1A} = {7A4A0CE9-27B8-4713-88B9-CF70CB1086D3}
		{CA80518E-45AB-46CB-8B47-14EFC10C2F2B} = {26296AD2-F3C3-4B78-8C0D-CAE1457801E9}
		{6F94FF12-F1F0-41E8-95D9-D2BEC4E4CACC} = {982E8F88-43E1-4A73-A1DC-D317D6F18F21}
		{CD2385FD-9872-4D2B-A0BB-CB0B93F2EDA9} = {982E8F88-43E1-4A73-A1DC-D317D6F18F21}
		{5326F24D-3923-4116-9DB3-649EB7E3814C} = {982E8F88-43E1-4A73-A1DC-D317D6F18F21}
	EndGlobalSection
	GlobalSection(ExtensibilityGlobals) = postSolution
		SolutionGuid = {985B229E-CFAF-4D97-815D-AC7F5802051C}
	EndGlobalSection
EndGlobal
